<?xml version="1.0" encoding="utf-8"?>
<Project ToolsVersion="4.0" xmlns="http://schemas.microsoft.com/developer/msbuild/2003">
  <ItemGroup>
    <Filter Include="Source Files">
      <UniqueIdentifier>{4FC737F1-C7A5-4376-A066-2A32D752A2FF}</UniqueIdentifier>
      <Extensions>cpp;c;cc;cxx;def;odl;idl;hpj;bat;asm;asmx</Extensions>
    </Filter>
    <Filter Include="Header Files">
      <UniqueIdentifier>{93995380-89BD-4b04-88EB-625FBE52EBFB}</UniqueIdentifier>
      <Extensions>h;hh;hpp;hxx;hm;inl;inc;ipp;xsd</Extensions>
    </Filter>
    <Filter Include="Resource Files">
      <UniqueIdentifier>{67DA6AB6-F800-4c08-8B7A-83BB121AAD01}</UniqueIdentifier>
      <Extensions>rc;ico;cur;bmp;dlg;rc2;rct;bin;rgs;gif;jpg;jpeg;jpe;resx;tiff;tif;png;wav;mfcribbon-ms</Extensions>
    </Filter>
    <Filter Include="Source Files\Constants">
      <UniqueIdentifier>{5ff391a7-3d7c-4cd9-bdd7-d5096f031709}</UniqueIdentifier>
    </Filter>
    <Filter Include="Header Files\Constants">
      <UniqueIdentifier>{34107a80-adce-43d1-a16e-095d2f7c7d56}</UniqueIdentifier>
    </Filter>
    <Filter Include="Source Files\Input">
      <UniqueIdentifier>{6c801c90-9e19-4d34-a664-54800f36c920}</UniqueIdentifier>
    </Filter>
    <Filter Include="Header Files\Input">
      <UniqueIdentifier>{937a7227-b268-4d60-a102-a988b606657e}</UniqueIdentifier>
    </Filter>
    <Filter Include="Source Files\GameObjects">
      <UniqueIdentifier>{6614c0c1-9a6c-47ed-92e1-7fd37b717196}</UniqueIdentifier>
    </Filter>
    <Filter Include="Header Files\GameObjects">
      <UniqueIdentifier>{e4b6342c-6d04-462f-b90a-252b8f3481d3}</UniqueIdentifier>
    </Filter>
    <Filter Include="Source Files\GameObjects\Core">
      <UniqueIdentifier>{67c89060-ddbd-4e8c-9f4e-f6619c851539}</UniqueIdentifier>
    </Filter>
    <Filter Include="Header Files\GameObjects\Core">
      <UniqueIdentifier>{b20a230b-b457-484e-be85-fe0c98c9dd62}</UniqueIdentifier>
    </Filter>
    <Filter Include="Header Files\GameObjects\Road">
      <UniqueIdentifier>{37e9561c-a647-40a3-9c81-eb0683859ab9}</UniqueIdentifier>
    </Filter>
    <Filter Include="Source Files\GameObjects\Road">
      <UniqueIdentifier>{7a6225f2-71ee-4f43-a1d1-0f0332185922}</UniqueIdentifier>
    </Filter>
    <Filter Include="Source Files\GameObjects\Scenes">
      <UniqueIdentifier>{bd126624-8a05-4b26-b519-067f1b0d44e6}</UniqueIdentifier>
    </Filter>
    <Filter Include="Header Files\GameObjects\Collectibles">
      <UniqueIdentifier>{bc4b2d6e-8600-49cc-a9fe-0cc87799cf3c}</UniqueIdentifier>
    </Filter>
    <Filter Include="Header Files\GameObjects\Scenes">
      <UniqueIdentifier>{d1d61bae-ba7b-48ae-beef-29ea0e0e0dbf}</UniqueIdentifier>
    </Filter>
    <Filter Include="Header Files\GameObjects\Cars">
      <UniqueIdentifier>{2c157576-ed33-41de-8373-085798e7b952}</UniqueIdentifier>
    </Filter>
    <Filter Include="Source Files\GameObjects\Collectibles">
      <UniqueIdentifier>{4840e322-c76d-4bdf-a7c0-404cbb5e5b98}</UniqueIdentifier>
    </Filter>
    <Filter Include="Source Files\GameObjects\Cars">
      <UniqueIdentifier>{0f58765b-6d14-4404-baa4-9576f3d66120}</UniqueIdentifier>
    </Filter>
    <Filter Include="Source Files\UI">
      <UniqueIdentifier>{d10c2a78-0edc-49b5-9139-51f08cd46ac3}</UniqueIdentifier>
    </Filter>
    <Filter Include="Header Files\UI">
      <UniqueIdentifier>{151e8b88-e8b4-4d29-b506-7a4677bd2d82}</UniqueIdentifier>
    </Filter>
  </ItemGroup>
  <ItemGroup>
    <ClCompile Include="Main.cpp">
      <Filter>Source Files</Filter>
    </ClCompile>
    <ClCompile Include="Files.cpp">
      <Filter>Source Files\Constants</Filter>
    </ClCompile>
    <ClCompile Include="Properties.cpp">
      <Filter>Source Files\Constants</Filter>
    </ClCompile>
    <ClCompile Include="InputHandler.cpp">
      <Filter>Source Files\Input</Filter>
    </ClCompile>
    <ClCompile Include="Player.cpp">
      <Filter>Source Files\GameObjects</Filter>
    </ClCompile>
    <ClCompile Include="GameObject2D.cpp">
      <Filter>Source Files\GameObjects\Core</Filter>
    </ClCompile>
    <ClCompile Include="Road.cpp">
      <Filter>Source Files\GameObjects\Road</Filter>
    </ClCompile>
    <ClCompile Include="RoadManager.cpp">
      <Filter>Source Files\GameObjects\Road</Filter>
    </ClCompile>
    <ClCompile Include="GameScene.cpp">
      <Filter>Source Files\GameObjects\Scenes</Filter>
    </ClCompile>
    <ClCompile Include="Coin.cpp">
      <Filter>Source Files\GameObjects\Collectibles</Filter>
    </ClCompile>
    <ClCompile Include="CoinManager.cpp">
      <Filter>Source Files\GameObjects\Collectibles</Filter>
    </ClCompile>
    <ClCompile Include="Car.cpp">
      <Filter>Source Files\GameObjects\Cars</Filter>
    </ClCompile>
    <ClCompile Include="CarManager.cpp">
      <Filter>Source Files\GameObjects\Cars</Filter>
    </ClCompile>
    <ClCompile Include="MenuScene.cpp">
      <Filter>Source Files\GameObjects\Scenes</Filter>
    </ClCompile>
    <ClCompile Include="Button.cpp">
      <Filter>Source Files\UI</Filter>
    </ClCompile>
    <ClCompile Include="SceneManager.cpp">
      <Filter>Source Files\GameObjects\Scenes</Filter>
    </ClCompile>
    <ClCompile Include="GameOverScene.cpp">
      <Filter>Source Files\GameObjects\Scenes</Filter>
    </ClCompile>
  </ItemGroup>
  <ItemGroup>
    <ClInclude Include="Files.h">
      <Filter>Header Files\Constants</Filter>
    </ClInclude>
    <ClInclude Include="Properties.h">
      <Filter>Header Files\Constants</Filter>
    </ClInclude>
    <ClInclude Include="InputHandler.h">
      <Filter>Header Files\Input</Filter>
    </ClInclude>
    <ClInclude Include="Player.h">
      <Filter>Header Files\GameObjects</Filter>
    </ClInclude>
    <ClInclude Include="GameObject.h">
      <Filter>Header Files\GameObjects\Core</Filter>
    </ClInclude>
    <ClInclude Include="GameObject2D.h">
      <Filter>Header Files\GameObjects\Core</Filter>
    </ClInclude>
    <ClInclude Include="Road.h">
      <Filter>Header Files\GameObjects\Road</Filter>
    </ClInclude>
    <ClInclude Include="RoadManager.h">
      <Filter>Header Files\GameObjects\Road</Filter>
    </ClInclude>
    <ClInclude Include="Coin.h">
      <Filter>Header Files\GameObjects\Collectibles</Filter>
    </ClInclude>
    <ClInclude Include="CoinManager.h">
      <Filter>Header Files\GameObjects\Collectibles</Filter>
    </ClInclude>
    <ClInclude Include="GameScene.h">
      <Filter>Header Files\GameObjects\Scenes</Filter>
    </ClInclude>
    <ClInclude Include="Car.h">
      <Filter>Header Files\GameObjects\Cars</Filter>
    </ClInclude>
    <ClInclude Include="CarManager.h">
      <Filter>Header Files\GameObjects\Cars</Filter>
    </ClInclude>
    <ClInclude Include="MenuScene.h">
      <Filter>Header Files\GameObjects\Scenes</Filter>
    </ClInclude>
    <ClInclude Include="GameOverScene.h">
      <Filter>Header Files\GameObjects\Scenes</Filter>
    </ClInclude>
    <ClInclude Include="Button.h">
      <Filter>Header Files\UI</Filter>
    </ClInclude>
    <ClInclude Include="SceneManager.h">
      <Filter>Header Files\GameObjects\Scenes</Filter>
    </ClInclude>
  </ItemGroup>
</Project>